// !$*UTF8*$!
{
	archiveVersion = 1;
	classes = {
	};
	objectVersion = 52;
	objects = {

/* Begin PBXBuildFile section */
		0446BAA424A68D040053BF07 /* SpotifyiOS.framework in Frameworks */ = {isa = PBXBuildFile; fileRef = 04E8D9B524A68BB000B58F10 /* SpotifyiOS.framework */; };
		046C2FA924B382A4007AE923 /* SwiftyJSON in Frameworks */ = {isa = PBXBuildFile; productRef = 046C2FA824B382A4007AE923 /* SwiftyJSON */; };
		046C2FB124B51E17007AE923 /* mongoid.config in Resources */ = {isa = PBXBuildFile; fileRef = 046C2FAD24B51E17007AE923 /* mongoid.config */; };
		046C2FB224B51E17007AE923 /* Gemfile in Resources */ = {isa = PBXBuildFile; fileRef = 046C2FAE24B51E17007AE923 /* Gemfile */; };
		046C2FB324B51E17007AE923 /* Gemfile.lock in Resources */ = {isa = PBXBuildFile; fileRef = 046C2FAF24B51E17007AE923 /* Gemfile.lock */; };
		046C2FB424B51E17007AE923 /* server.rb in Resources */ = {isa = PBXBuildFile; fileRef = 046C2FB024B51E17007AE923 /* server.rb */; };
		0486340324B0E7F600168A2B /* SongSearchView.swift in Sources */ = {isa = PBXBuildFile; fileRef = 0486340224B0E7F600168A2B /* SongSearchView.swift */; };
		0486340524B0EC5800168A2B /* SearchBar.swift in Sources */ = {isa = PBXBuildFile; fileRef = 0486340424B0EC5800168A2B /* SearchBar.swift */; };
		048F0D6A24B6062D00E5B22C /* QueueView.swift in Sources */ = {isa = PBXBuildFile; fileRef = 048F0D6924B6062D00E5B22C /* QueueView.swift */; };
		04A0C08224AE71FC0090C394 /* notes in Resources */ = {isa = PBXBuildFile; fileRef = 04A0C08124AE71FC0090C394 /* notes */; };
		04A0C08424AE74D90090C394 /* Session.swift in Sources */ = {isa = PBXBuildFile; fileRef = 04A0C08324AE74D90090C394 /* Session.swift */; };
		04A0C08824AE81FB0090C394 /* Song.swift in Sources */ = {isa = PBXBuildFile; fileRef = 04A0C08724AE81FB0090C394 /* Song.swift */; };
		04A0C08A24AE83860090C394 /* SongRow.swift in Sources */ = {isa = PBXBuildFile; fileRef = 04A0C08924AE83860090C394 /* SongRow.swift */; };
		04B1223824ACCC1D0042FB38 /* Alamofire in Frameworks */ = {isa = PBXBuildFile; productRef = 04B1223724ACCC1D0042FB38 /* Alamofire */; };
		04E8D98524A68B5000B58F10 /* AppDelegate.swift in Sources */ = {isa = PBXBuildFile; fileRef = 04E8D98424A68B5000B58F10 /* AppDelegate.swift */; };
		04E8D98724A68B5000B58F10 /* SceneDelegate.swift in Sources */ = {isa = PBXBuildFile; fileRef = 04E8D98624A68B5000B58F10 /* SceneDelegate.swift */; };
		04E8D98924A68B5000B58F10 /* ContentView.swift in Sources */ = {isa = PBXBuildFile; fileRef = 04E8D98824A68B5000B58F10 /* ContentView.swift */; };
		04E8D98B24A68B5200B58F10 /* Assets.xcassets in Resources */ = {isa = PBXBuildFile; fileRef = 04E8D98A24A68B5200B58F10 /* Assets.xcassets */; };
		04E8D98E24A68B5200B58F10 /* Preview Assets.xcassets in Resources */ = {isa = PBXBuildFile; fileRef = 04E8D98D24A68B5200B58F10 /* Preview Assets.xcassets */; };
		04E8D99124A68B5200B58F10 /* LaunchScreen.storyboard in Resources */ = {isa = PBXBuildFile; fileRef = 04E8D98F24A68B5200B58F10 /* LaunchScreen.storyboard */; };
		04E8D99C24A68B5200B58F10 /* Demux_v4Tests.swift in Sources */ = {isa = PBXBuildFile; fileRef = 04E8D99B24A68B5200B58F10 /* Demux_v4Tests.swift */; };
		04E8D9A724A68B5200B58F10 /* Demux_v4UITests.swift in Sources */ = {isa = PBXBuildFile; fileRef = 04E8D9A624A68B5200B58F10 /* Demux_v4UITests.swift */; };
/* End PBXBuildFile section */

/* Begin PBXContainerItemProxy section */
		04E8D99824A68B5200B58F10 /* PBXContainerItemProxy */ = {
			isa = PBXContainerItemProxy;
			containerPortal = 04E8D97924A68B5000B58F10 /* Project object */;
			proxyType = 1;
			remoteGlobalIDString = 04E8D98024A68B5000B58F10;
			remoteInfo = "Demux-v4";
		};
		04E8D9A324A68B5200B58F10 /* PBXContainerItemProxy */ = {
			isa = PBXContainerItemProxy;
			containerPortal = 04E8D97924A68B5000B58F10 /* Project object */;
			proxyType = 1;
			remoteGlobalIDString = 04E8D98024A68B5000B58F10;
			remoteInfo = "Demux-v4";
		};
/* End PBXContainerItemProxy section */

/* Begin PBXFileReference section */
		0446BA9E24A68C330053BF07 /* Demux-v4-Bridging-Header.h */ = {isa = PBXFileReference; lastKnownFileType = sourcecode.c.h; path = "Demux-v4-Bridging-Header.h"; sourceTree = "<group>"; };
		0446BAA224A68CFA0053BF07 /* ios-sdk-1.2.2.zip */ = {isa = PBXFileReference; lastKnownFileType = archive.zip; name = "ios-sdk-1.2.2.zip"; path = "../../../../Downloads/ios-sdk-1.2.2.zip"; sourceTree = "<group>"; };
		046C2FAD24B51E17007AE923 /* mongoid.config */ = {isa = PBXFileReference; fileEncoding = 4; lastKnownFileType = text; path = mongoid.config; sourceTree = "<group>"; };
		046C2FAE24B51E17007AE923 /* Gemfile */ = {isa = PBXFileReference; fileEncoding = 4; lastKnownFileType = text; path = Gemfile; sourceTree = "<group>"; };
		046C2FAF24B51E17007AE923 /* Gemfile.lock */ = {isa = PBXFileReference; fileEncoding = 4; lastKnownFileType = text; path = Gemfile.lock; sourceTree = "<group>"; };
		046C2FB024B51E17007AE923 /* server.rb */ = {isa = PBXFileReference; fileEncoding = 4; lastKnownFileType = text.script.ruby; path = server.rb; sourceTree = "<group>"; };
		0486340224B0E7F600168A2B /* SongSearchView.swift */ = {isa = PBXFileReference; lastKnownFileType = sourcecode.swift; path = SongSearchView.swift; sourceTree = "<group>"; };
		0486340424B0EC5800168A2B /* SearchBar.swift */ = {isa = PBXFileReference; lastKnownFileType = sourcecode.swift; path = SearchBar.swift; sourceTree = "<group>"; };
		048F0D6924B6062D00E5B22C /* QueueView.swift */ = {isa = PBXFileReference; lastKnownFileType = sourcecode.swift; path = QueueView.swift; sourceTree = "<group>"; };
		04A0C08124AE71FC0090C394 /* notes */ = {isa = PBXFileReference; lastKnownFileType = text; path = notes; sourceTree = "<group>"; };
		04A0C08324AE74D90090C394 /* Session.swift */ = {isa = PBXFileReference; lastKnownFileType = sourcecode.swift; path = Session.swift; sourceTree = "<group>"; };
		04A0C08724AE81FB0090C394 /* Song.swift */ = {isa = PBXFileReference; lastKnownFileType = sourcecode.swift; path = Song.swift; sourceTree = "<group>"; };
		04A0C08924AE83860090C394 /* SongRow.swift */ = {isa = PBXFileReference; lastKnownFileType = sourcecode.swift; path = SongRow.swift; sourceTree = "<group>"; };
		04E8D98124A68B5000B58F10 /* Demux-v4.app */ = {isa = PBXFileReference; explicitFileType = wrapper.application; includeInIndex = 0; path = "Demux-v4.app"; sourceTree = BUILT_PRODUCTS_DIR; };
		04E8D98424A68B5000B58F10 /* AppDelegate.swift */ = {isa = PBXFileReference; lastKnownFileType = sourcecode.swift; path = AppDelegate.swift; sourceTree = "<group>"; };
		04E8D98624A68B5000B58F10 /* SceneDelegate.swift */ = {isa = PBXFileReference; lastKnownFileType = sourcecode.swift; path = SceneDelegate.swift; sourceTree = "<group>"; };
		04E8D98824A68B5000B58F10 /* ContentView.swift */ = {isa = PBXFileReference; lastKnownFileType = sourcecode.swift; path = ContentView.swift; sourceTree = "<group>"; };
		04E8D98A24A68B5200B58F10 /* Assets.xcassets */ = {isa = PBXFileReference; lastKnownFileType = folder.assetcatalog; path = Assets.xcassets; sourceTree = "<group>"; };
		04E8D98D24A68B5200B58F10 /* Preview Assets.xcassets */ = {isa = PBXFileReference; lastKnownFileType = folder.assetcatalog; path = "Preview Assets.xcassets"; sourceTree = "<group>"; };
		04E8D99024A68B5200B58F10 /* Base */ = {isa = PBXFileReference; lastKnownFileType = file.storyboard; name = Base; path = Base.lproj/LaunchScreen.storyboard; sourceTree = "<group>"; };
		04E8D99224A68B5200B58F10 /* Info.plist */ = {isa = PBXFileReference; lastKnownFileType = text.plist.xml; path = Info.plist; sourceTree = "<group>"; };
		04E8D99724A68B5200B58F10 /* Demux-v4Tests.xctest */ = {isa = PBXFileReference; explicitFileType = wrapper.cfbundle; includeInIndex = 0; path = "Demux-v4Tests.xctest"; sourceTree = BUILT_PRODUCTS_DIR; };
		04E8D99B24A68B5200B58F10 /* Demux_v4Tests.swift */ = {isa = PBXFileReference; lastKnownFileType = sourcecode.swift; path = Demux_v4Tests.swift; sourceTree = "<group>"; };
		04E8D99D24A68B5200B58F10 /* Info.plist */ = {isa = PBXFileReference; lastKnownFileType = text.plist.xml; path = Info.plist; sourceTree = "<group>"; };
		04E8D9A224A68B5200B58F10 /* Demux-v4UITests.xctest */ = {isa = PBXFileReference; explicitFileType = wrapper.cfbundle; includeInIndex = 0; path = "Demux-v4UITests.xctest"; sourceTree = BUILT_PRODUCTS_DIR; };
		04E8D9A624A68B5200B58F10 /* Demux_v4UITests.swift */ = {isa = PBXFileReference; lastKnownFileType = sourcecode.swift; path = Demux_v4UITests.swift; sourceTree = "<group>"; };
		04E8D9A824A68B5200B58F10 /* Info.plist */ = {isa = PBXFileReference; lastKnownFileType = text.plist.xml; path = Info.plist; sourceTree = "<group>"; };
		04E8D9B524A68BB000B58F10 /* SpotifyiOS.framework */ = {isa = PBXFileReference; lastKnownFileType = wrapper.framework; path = SpotifyiOS.framework; sourceTree = "<group>"; };
		04E8D9B624A68BB000B58F10 /* SpotifyiOS.framework */ = {isa = PBXFileReference; lastKnownFileType = wrapper.framework; path = SpotifyiOS.framework; sourceTree = "<group>"; };
/* End PBXFileReference section */

/* Begin PBXFrameworksBuildPhase section */
		04E8D97E24A68B5000B58F10 /* Frameworks */ = {
			isa = PBXFrameworksBuildPhase;
			buildActionMask = 2147483647;
			files = (
				046C2FA924B382A4007AE923 /* SwiftyJSON in Frameworks */,
				0446BAA424A68D040053BF07 /* SpotifyiOS.framework in Frameworks */,
				04B1223824ACCC1D0042FB38 /* Alamofire in Frameworks */,
			);
			runOnlyForDeploymentPostprocessing = 0;
		};
		04E8D99424A68B5200B58F10 /* Frameworks */ = {
			isa = PBXFrameworksBuildPhase;
			buildActionMask = 2147483647;
			files = (
			);
			runOnlyForDeploymentPostprocessing = 0;
		};
		04E8D99F24A68B5200B58F10 /* Frameworks */ = {
			isa = PBXFrameworksBuildPhase;
			buildActionMask = 2147483647;
			files = (
			);
			runOnlyForDeploymentPostprocessing = 0;
		};
/* End PBXFrameworksBuildPhase section */

/* Begin PBXGroup section */
		046C2FAC24B51E17007AE923 /* SongQueue */ = {
			isa = PBXGroup;
			children = (
				046C2FAD24B51E17007AE923 /* mongoid.config */,
				046C2FAE24B51E17007AE923 /* Gemfile */,
				046C2FAF24B51E17007AE923 /* Gemfile.lock */,
				046C2FB024B51E17007AE923 /* server.rb */,
			);
			path = SongQueue;
			sourceTree = "<group>";
		};
		048F0D6824B6052F00E5B22C /* Queue View */ = {
			isa = PBXGroup;
			children = (
				048F0D6924B6062D00E5B22C /* QueueView.swift */,
			);
			path = "Queue View";
			sourceTree = "<group>";
		};
		04A0C08B24AE83910090C394 /* Song Search */ = {
			isa = PBXGroup;
			children = (
				0486340224B0E7F600168A2B /* SongSearchView.swift */,
				04A0C08924AE83860090C394 /* SongRow.swift */,
				04A0C08724AE81FB0090C394 /* Song.swift */,
			);
			path = "Song Search";
			sourceTree = "<group>";
		};
		04E8D97824A68B5000B58F10 = {
			isa = PBXGroup;
			children = (
				04E8D9B424A68BB000B58F10 /* Frameworks */,
				04E8D98324A68B5000B58F10 /* Demux-v4 */,
				04E8D99A24A68B5200B58F10 /* Demux-v4Tests */,
				04E8D9A524A68B5200B58F10 /* Demux-v4UITests */,
				04E8D98224A68B5000B58F10 /* Products */,
				046C2FAC24B51E17007AE923 /* SongQueue */,
			);
			sourceTree = "<group>";
		};
		04E8D98224A68B5000B58F10 /* Products */ = {
			isa = PBXGroup;
			children = (
				04E8D98124A68B5000B58F10 /* Demux-v4.app */,
				04E8D99724A68B5200B58F10 /* Demux-v4Tests.xctest */,
				04E8D9A224A68B5200B58F10 /* Demux-v4UITests.xctest */,
			);
			name = Products;
			sourceTree = "<group>";
		};
		04E8D98324A68B5000B58F10 /* Demux-v4 */ = {
			isa = PBXGroup;
			children = (
				04E8D98424A68B5000B58F10 /* AppDelegate.swift */,
				04E8D98624A68B5000B58F10 /* SceneDelegate.swift */,
				04E8D98824A68B5000B58F10 /* ContentView.swift */,
				0486340424B0EC5800168A2B /* SearchBar.swift */,
				048F0D6824B6052F00E5B22C /* Queue View */,
				04A0C08B24AE83910090C394 /* Song Search */,
				04A0C08124AE71FC0090C394 /* notes */,
				04A0C08324AE74D90090C394 /* Session.swift */,
				04E8D98A24A68B5200B58F10 /* Assets.xcassets */,
				04E8D98F24A68B5200B58F10 /* LaunchScreen.storyboard */,
				04E8D99224A68B5200B58F10 /* Info.plist */,
				04E8D98C24A68B5200B58F10 /* Preview Content */,
				0446BA9E24A68C330053BF07 /* Demux-v4-Bridging-Header.h */,
			);
			path = "Demux-v4";
			sourceTree = "<group>";
		};
		04E8D98C24A68B5200B58F10 /* Preview Content */ = {
			isa = PBXGroup;
			children = (
				04E8D98D24A68B5200B58F10 /* Preview Assets.xcassets */,
			);
			path = "Preview Content";
			sourceTree = "<group>";
		};
		04E8D99A24A68B5200B58F10 /* Demux-v4Tests */ = {
			isa = PBXGroup;
			children = (
				04E8D99B24A68B5200B58F10 /* Demux_v4Tests.swift */,
				04E8D99D24A68B5200B58F10 /* Info.plist */,
			);
			path = "Demux-v4Tests";
			sourceTree = "<group>";
		};
		04E8D9A524A68B5200B58F10 /* Demux-v4UITests */ = {
			isa = PBXGroup;
			children = (
				04E8D9A624A68B5200B58F10 /* Demux_v4UITests.swift */,
				04E8D9A824A68B5200B58F10 /* Info.plist */,
			);
			path = "Demux-v4UITests";
			sourceTree = "<group>";
		};
		04E8D9B424A68BB000B58F10 /* Frameworks */ = {
			isa = PBXGroup;
			children = (
				0446BAA224A68CFA0053BF07 /* ios-sdk-1.2.2.zip */,
				04E8D9B624A68BB000B58F10 /* SpotifyiOS.framework */,
				04E8D9B524A68BB000B58F10 /* SpotifyiOS.framework */,
			);
			name = Frameworks;
			path = "Demux-v4/Frameworks";
			sourceTree = "<group>";
		};
/* End PBXGroup section */

/* Begin PBXNativeTarget section */
		04E8D98024A68B5000B58F10 /* Demux-v4 */ = {
			isa = PBXNativeTarget;
			buildConfigurationList = 04E8D9AB24A68B5200B58F10 /* Build configuration list for PBXNativeTarget "Demux-v4" */;
			buildPhases = (
				04E8D97D24A68B5000B58F10 /* Sources */,
				04E8D97E24A68B5000B58F10 /* Frameworks */,
				04E8D97F24A68B5000B58F10 /* Resources */,
			);
			buildRules = (
			);
			dependencies = (
			);
			name = "Demux-v4";
			packageProductDependencies = (
				04B1223724ACCC1D0042FB38 /* Alamofire */,
				046C2FA824B382A4007AE923 /* SwiftyJSON */,
			);
			productName = "Demux-v4";
			productReference = 04E8D98124A68B5000B58F10 /* Demux-v4.app */;
			productType = "com.apple.product-type.application";
		};
		04E8D99624A68B5200B58F10 /* Demux-v4Tests */ = {
			isa = PBXNativeTarget;
			buildConfigurationList = 04E8D9AE24A68B5200B58F10 /* Build configuration list for PBXNativeTarget "Demux-v4Tests" */;
			buildPhases = (
				04E8D99324A68B5200B58F10 /* Sources */,
				04E8D99424A68B5200B58F10 /* Frameworks */,
				04E8D99524A68B5200B58F10 /* Resources */,
			);
			buildRules = (
			);
			dependencies = (
				04E8D99924A68B5200B58F10 /* PBXTargetDependency */,
			);
			name = "Demux-v4Tests";
			productName = "Demux-v4Tests";
			productReference = 04E8D99724A68B5200B58F10 /* Demux-v4Tests.xctest */;
			productType = "com.apple.product-type.bundle.unit-test";
		};
		04E8D9A124A68B5200B58F10 /* Demux-v4UITests */ = {
			isa = PBXNativeTarget;
			buildConfigurationList = 04E8D9B124A68B5200B58F10 /* Build configuration list for PBXNativeTarget "Demux-v4UITests" */;
			buildPhases = (
				04E8D99E24A68B5200B58F10 /* Sources */,
				04E8D99F24A68B5200B58F10 /* Frameworks */,
				04E8D9A024A68B5200B58F10 /* Resources */,
			);
			buildRules = (
			);
			dependencies = (
				04E8D9A424A68B5200B58F10 /* PBXTargetDependency */,
			);
			name = "Demux-v4UITests";
			productName = "Demux-v4UITests";
			productReference = 04E8D9A224A68B5200B58F10 /* Demux-v4UITests.xctest */;
			productType = "com.apple.product-type.bundle.ui-testing";
		};
/* End PBXNativeTarget section */

/* Begin PBXProject section */
		04E8D97924A68B5000B58F10 /* Project object */ = {
			isa = PBXProject;
			attributes = {
				LastSwiftUpdateCheck = 1200;
				LastUpgradeCheck = 1200;
				TargetAttributes = {
					04E8D98024A68B5000B58F10 = {
						CreatedOnToolsVersion = 12.0;
						LastSwiftMigration = 1200;
					};
					04E8D99624A68B5200B58F10 = {
						CreatedOnToolsVersion = 12.0;
						TestTargetID = 04E8D98024A68B5000B58F10;
					};
					04E8D9A124A68B5200B58F10 = {
						CreatedOnToolsVersion = 12.0;
						TestTargetID = 04E8D98024A68B5000B58F10;
					};
				};
			};
			buildConfigurationList = 04E8D97C24A68B5000B58F10 /* Build configuration list for PBXProject "Demux-v4" */;
			compatibilityVersion = "Xcode 9.3";
			developmentRegion = en;
			hasScannedForEncodings = 0;
			knownRegions = (
				en,
				Base,
			);
			mainGroup = 04E8D97824A68B5000B58F10;
			packageReferences = (
				04B1223624ACCC1D0042FB38 /* XCRemoteSwiftPackageReference "Alamofire" */,
				046C2FA724B382A4007AE923 /* XCRemoteSwiftPackageReference "SwiftyJSON" */,
			);
			productRefGroup = 04E8D98224A68B5000B58F10 /* Products */;
			projectDirPath = "";
			projectRoot = "";
			targets = (
				04E8D98024A68B5000B58F10 /* Demux-v4 */,
				04E8D99624A68B5200B58F10 /* Demux-v4Tests */,
				04E8D9A124A68B5200B58F10 /* Demux-v4UITests */,
			);
		};
/* End PBXProject section */

/* Begin PBXResourcesBuildPhase section */
		04E8D97F24A68B5000B58F10 /* Resources */ = {
			isa = PBXResourcesBuildPhase;
			buildActionMask = 2147483647;
			files = (
				046C2FB224B51E17007AE923 /* Gemfile in Resources */,
				04E8D99124A68B5200B58F10 /* LaunchScreen.storyboard in Resources */,
				046C2FB424B51E17007AE923 /* server.rb in Resources */,
				046C2FB324B51E17007AE923 /* Gemfile.lock in Resources */,
				04E8D98E24A68B5200B58F10 /* Preview Assets.xcassets in Resources */,
				046C2FB124B51E17007AE923 /* mongoid.config in Resources */,
				04A0C08224AE71FC0090C394 /* notes in Resources */,
				04E8D98B24A68B5200B58F10 /* Assets.xcassets in Resources */,
			);
			runOnlyForDeploymentPostprocessing = 0;
		};
		04E8D99524A68B5200B58F10 /* Resources */ = {
			isa = PBXResourcesBuildPhase;
			buildActionMask = 2147483647;
			files = (
			);
			runOnlyForDeploymentPostprocessing = 0;
		};
		04E8D9A024A68B5200B58F10 /* Resources */ = {
			isa = PBXResourcesBuildPhase;
			buildActionMask = 2147483647;
			files = (
			);
			runOnlyForDeploymentPostprocessing = 0;
		};
/* End PBXResourcesBuildPhase section */

/* Begin PBXSourcesBuildPhase section */
		04E8D97D24A68B5000B58F10 /* Sources */ = {
			isa = PBXSourcesBuildPhase;
			buildActionMask = 2147483647;
			files = (
				04A0C08824AE81FB0090C394 /* Song.swift in Sources */,
				0486340324B0E7F600168A2B /* SongSearchView.swift in Sources */,
				04A0C08424AE74D90090C394 /* Session.swift in Sources */,
				04E8D98524A68B5000B58F10 /* AppDelegate.swift in Sources */,
				048F0D6A24B6062D00E5B22C /* QueueView.swift in Sources */,
				04A0C08A24AE83860090C394 /* SongRow.swift in Sources */,
				04E8D98724A68B5000B58F10 /* SceneDelegate.swift in Sources */,
				0486340524B0EC5800168A2B /* SearchBar.swift in Sources */,
				04E8D98924A68B5000B58F10 /* ContentView.swift in Sources */,
			);
			runOnlyForDeploymentPostprocessing = 0;
		};
		04E8D99324A68B5200B58F10 /* Sources */ = {
			isa = PBXSourcesBuildPhase;
			buildActionMask = 2147483647;
			files = (
				04E8D99C24A68B5200B58F10 /* Demux_v4Tests.swift in Sources */,
			);
			runOnlyForDeploymentPostprocessing = 0;
		};
		04E8D99E24A68B5200B58F10 /* Sources */ = {
			isa = PBXSourcesBuildPhase;
			buildActionMask = 2147483647;
			files = (
				04E8D9A724A68B5200B58F10 /* Demux_v4UITests.swift in Sources */,
			);
			runOnlyForDeploymentPostprocessing = 0;
		};
/* End PBXSourcesBuildPhase section */

/* Begin PBXTargetDependency section */
		04E8D99924A68B5200B58F10 /* PBXTargetDependency */ = {
			isa = PBXTargetDependency;
			target = 04E8D98024A68B5000B58F10 /* Demux-v4 */;
			targetProxy = 04E8D99824A68B5200B58F10 /* PBXContainerItemProxy */;
		};
		04E8D9A424A68B5200B58F10 /* PBXTargetDependency */ = {
			isa = PBXTargetDependency;
			target = 04E8D98024A68B5000B58F10 /* Demux-v4 */;
			targetProxy = 04E8D9A324A68B5200B58F10 /* PBXContainerItemProxy */;
		};
/* End PBXTargetDependency section */

/* Begin PBXVariantGroup section */
		04E8D98F24A68B5200B58F10 /* LaunchScreen.storyboard */ = {
			isa = PBXVariantGroup;
			children = (
				04E8D99024A68B5200B58F10 /* Base */,
			);
			name = LaunchScreen.storyboard;
			sourceTree = "<group>";
		};
/* End PBXVariantGroup section */

/* Begin XCBuildConfiguration section */
		04E8D9A924A68B5200B58F10 /* Debug */ = {
			isa = XCBuildConfiguration;
			buildSettings = {
				ALWAYS_SEARCH_USER_PATHS = NO;
				CLANG_ANALYZER_NONNULL = YES;
				CLANG_ANALYZER_NUMBER_OBJECT_CONVERSION = YES_AGGRESSIVE;
				CLANG_CXX_LANGUAGE_STANDARD = "gnu++14";
				CLANG_CXX_LIBRARY = "libc++";
				CLANG_ENABLE_MODULES = YES;
				CLANG_ENABLE_OBJC_ARC = YES;
				CLANG_ENABLE_OBJC_WEAK = YES;
				CLANG_WARN_BLOCK_CAPTURE_AUTORELEASING = YES;
				CLANG_WARN_BOOL_CONVERSION = YES;
				CLANG_WARN_COMMA = YES;
				CLANG_WARN_CONSTANT_CONVERSION = YES;
				CLANG_WARN_DEPRECATED_OBJC_IMPLEMENTATIONS = YES;
				CLANG_WARN_DIRECT_OBJC_ISA_USAGE = YES_ERROR;
				CLANG_WARN_DOCUMENTATION_COMMENTS = YES;
				CLANG_WARN_EMPTY_BODY = YES;
				CLANG_WARN_ENUM_CONVERSION = YES;
				CLANG_WARN_INFINITE_RECURSION = YES;
				CLANG_WARN_INT_CONVERSION = YES;
				CLANG_WARN_NON_LITERAL_NULL_CONVERSION = YES;
				CLANG_WARN_OBJC_IMPLICIT_RETAIN_SELF = YES;
				CLANG_WARN_OBJC_LITERAL_CONVERSION = YES;
				CLANG_WARN_OBJC_ROOT_CLASS = YES_ERROR;
				CLANG_WARN_QUOTED_INCLUDE_IN_FRAMEWORK_HEADER = YES;
				CLANG_WARN_RANGE_LOOP_ANALYSIS = YES;
				CLANG_WARN_STRICT_PROTOTYPES = YES;
				CLANG_WARN_SUSPICIOUS_MOVE = YES;
				CLANG_WARN_UNGUARDED_AVAILABILITY = YES_AGGRESSIVE;
				CLANG_WARN_UNREACHABLE_CODE = YES;
				CLANG_WARN__DUPLICATE_METHOD_MATCH = YES;
				COPY_PHASE_STRIP = NO;
				DEBUG_INFORMATION_FORMAT = dwarf;
				ENABLE_STRICT_OBJC_MSGSEND = YES;
				ENABLE_TESTABILITY = YES;
				GCC_C_LANGUAGE_STANDARD = gnu11;
				GCC_DYNAMIC_NO_PIC = NO;
				GCC_NO_COMMON_BLOCKS = YES;
				GCC_OPTIMIZATION_LEVEL = 0;
				GCC_PREPROCESSOR_DEFINITIONS = (
					"DEBUG=1",
					"$(inherited)",
				);
				GCC_WARN_64_TO_32_BIT_CONVERSION = YES;
				GCC_WARN_ABOUT_RETURN_TYPE = YES_ERROR;
				GCC_WARN_UNDECLARED_SELECTOR = YES;
				GCC_WARN_UNINITIALIZED_AUTOS = YES_AGGRESSIVE;
				GCC_WARN_UNUSED_FUNCTION = YES;
				GCC_WARN_UNUSED_VARIABLE = YES;
				IPHONEOS_DEPLOYMENT_TARGET = 14.0;
				MTL_ENABLE_DEBUG_INFO = INCLUDE_SOURCE;
				MTL_FAST_MATH = YES;
				ONLY_ACTIVE_ARCH = YES;
				"OTHER_LDFLAGS[arch=*]" = "-ObjC";
				SDKROOT = iphoneos;
				SWIFT_ACTIVE_COMPILATION_CONDITIONS = DEBUG;
				SWIFT_OPTIMIZATION_LEVEL = "-Onone";
			};
			name = Debug;
		};
		04E8D9AA24A68B5200B58F10 /* Release */ = {
			isa = XCBuildConfiguration;
			buildSettings = {
				ALWAYS_SEARCH_USER_PATHS = NO;
				CLANG_ANALYZER_NONNULL = YES;
				CLANG_ANALYZER_NUMBER_OBJECT_CONVERSION = YES_AGGRESSIVE;
				CLANG_CXX_LANGUAGE_STANDARD = "gnu++14";
				CLANG_CXX_LIBRARY = "libc++";
				CLANG_ENABLE_MODULES = YES;
				CLANG_ENABLE_OBJC_ARC = YES;
				CLANG_ENABLE_OBJC_WEAK = YES;
				CLANG_WARN_BLOCK_CAPTURE_AUTORELEASING = YES;
				CLANG_WARN_BOOL_CONVERSION = YES;
				CLANG_WARN_COMMA = YES;
				CLANG_WARN_CONSTANT_CONVERSION = YES;
				CLANG_WARN_DEPRECATED_OBJC_IMPLEMENTATIONS = YES;
				CLANG_WARN_DIRECT_OBJC_ISA_USAGE = YES_ERROR;
				CLANG_WARN_DOCUMENTATION_COMMENTS = YES;
				CLANG_WARN_EMPTY_BODY = YES;
				CLANG_WARN_ENUM_CONVERSION = YES;
				CLANG_WARN_INFINITE_RECURSION = YES;
				CLANG_WARN_INT_CONVERSION = YES;
				CLANG_WARN_NON_LITERAL_NULL_CONVERSION = YES;
				CLANG_WARN_OBJC_IMPLICIT_RETAIN_SELF = YES;
				CLANG_WARN_OBJC_LITERAL_CONVERSION = YES;
				CLANG_WARN_OBJC_ROOT_CLASS = YES_ERROR;
				CLANG_WARN_QUOTED_INCLUDE_IN_FRAMEWORK_HEADER = YES;
				CLANG_WARN_RANGE_LOOP_ANALYSIS = YES;
				CLANG_WARN_STRICT_PROTOTYPES = YES;
				CLANG_WARN_SUSPICIOUS_MOVE = YES;
				CLANG_WARN_UNGUARDED_AVAILABILITY = YES_AGGRESSIVE;
				CLANG_WARN_UNREACHABLE_CODE = YES;
				CLANG_WARN__DUPLICATE_METHOD_MATCH = YES;
				COPY_PHASE_STRIP = NO;
				DEBUG_INFORMATION_FORMAT = "dwarf-with-dsym";
				ENABLE_NS_ASSERTIONS = NO;
				ENABLE_STRICT_OBJC_MSGSEND = YES;
				GCC_C_LANGUAGE_STANDARD = gnu11;
				GCC_NO_COMMON_BLOCKS = YES;
				GCC_WARN_64_TO_32_BIT_CONVERSION = YES;
				GCC_WARN_ABOUT_RETURN_TYPE = YES_ERROR;
				GCC_WARN_UNDECLARED_SELECTOR = YES;
				GCC_WARN_UNINITIALIZED_AUTOS = YES_AGGRESSIVE;
				GCC_WARN_UNUSED_FUNCTION = YES;
				GCC_WARN_UNUSED_VARIABLE = YES;
				IPHONEOS_DEPLOYMENT_TARGET = 14.0;
				MTL_ENABLE_DEBUG_INFO = NO;
				MTL_FAST_MATH = YES;
				"OTHER_LDFLAGS[arch=*]" = "-ObjC";
				SDKROOT = iphoneos;
				SWIFT_COMPILATION_MODE = wholemodule;
				SWIFT_OPTIMIZATION_LEVEL = "-O";
				VALIDATE_PRODUCT = YES;
			};
			name = Release;
		};
		04E8D9AC24A68B5200B58F10 /* Debug */ = {
			isa = XCBuildConfiguration;
			buildSettings = {
				ASSETCATALOG_COMPILER_APPICON_NAME = AppIcon;
				ASSETCATALOG_COMPILER_GLOBAL_ACCENT_COLOR_NAME = AccentColor;
				CLANG_ENABLE_MODULES = YES;
				CODE_SIGN_STYLE = Automatic;
				DEVELOPMENT_ASSET_PATHS = "\"Demux-v4/Preview Content\"";
				DEVELOPMENT_TEAM = AZQME83VC4;
				ENABLE_PREVIEWS = YES;
				FRAMEWORK_SEARCH_PATHS = (
					"$(inherited)",
					"$(PROJECT_DIR)/Demux-v4/Frameworks",
				);
				INFOPLIST_FILE = "Demux-v4/Info.plist";
				LD_RUNPATH_SEARCH_PATHS = (
					"$(inherited)",
					"@executable_path/Frameworks",
				);
				MARKETING_VERSION = 1.0;
				PRODUCT_BUNDLE_IDENTIFIER = "com.seenashafai.Demux-v4";
				PRODUCT_NAME = "$(TARGET_NAME)";
				SWIFT_OBJC_BRIDGING_HEADER = "Demux-v4/Demux-v4-Bridging-Header.h";
				SWIFT_OPTIMIZATION_LEVEL = "-Onone";
				SWIFT_VERSION = 5.0;
				TARGETED_DEVICE_FAMILY = "1,2";
			};
			name = Debug;
		};
		04E8D9AD24A68B5200B58F10 /* Release */ = {
			isa = XCBuildConfiguration;
			buildSettings = {
				ASSETCATALOG_COMPILER_APPICON_NAME = AppIcon;
				ASSETCATALOG_COMPILER_GLOBAL_ACCENT_COLOR_NAME = AccentColor;
				CLANG_ENABLE_MODULES = YES;
				CODE_SIGN_STYLE = Automatic;
				DEVELOPMENT_ASSET_PATHS = "\"Demux-v4/Preview Content\"";
				DEVELOPMENT_TEAM = AZQME83VC4;
				ENABLE_PREVIEWS = YES;
				FRAMEWORK_SEARCH_PATHS = (
					"$(inherited)",
					"$(PROJECT_DIR)/Demux-v4/Frameworks",
				);
				INFOPLIST_FILE = "Demux-v4/Info.plist";
				LD_RUNPATH_SEARCH_PATHS = (
					"$(inherited)",
					"@executable_path/Frameworks",
				);
				MARKETING_VERSION = 1.0;
				PRODUCT_BUNDLE_IDENTIFIER = "com.seenashafai.Demux-v4";
				PRODUCT_NAME = "$(TARGET_NAME)";
				SWIFT_OBJC_BRIDGING_HEADER = "Demux-v4/Demux-v4-Bridging-Header.h";
				SWIFT_VERSION = 5.0;
				TARGETED_DEVICE_FAMILY = "1,2";
			};
			name = Release;
		};
		04E8D9AF24A68B5200B58F10 /* Debug */ = {
			isa = XCBuildConfiguration;
			buildSettings = {
				ALWAYS_EMBED_SWIFT_STANDARD_LIBRARIES = YES;
				BUNDLE_LOADER = "$(TEST_HOST)";
				CODE_SIGN_STYLE = Automatic;
				DEVELOPMENT_TEAM = AZQME83VC4;
				INFOPLIST_FILE = "Demux-v4Tests/Info.plist";
				IPHONEOS_DEPLOYMENT_TARGET = 14.0;
				LD_RUNPATH_SEARCH_PATHS = (
					"$(inherited)",
					"@executable_path/Frameworks",
					"@loader_path/Frameworks",
				);
				PRODUCT_BUNDLE_IDENTIFIER = "com.seenashafai.Demux-v4Tests";
				PRODUCT_NAME = "$(TARGET_NAME)";
				SWIFT_VERSION = 5.0;
				TARGETED_DEVICE_FAMILY = "1,2";
				TEST_HOST = "$(BUILT_PRODUCTS_DIR)/Demux-v4.app/Demux-v4";
			};
			name = Debug;
		};
		04E8D9B024A68B5200B58F10 /* Release */ = {
			isa = XCBuildConfiguration;
			buildSettings = {
				ALWAYS_EMBED_SWIFT_STANDARD_LIBRARIES = YES;
				BUNDLE_LOADER = "$(TEST_HOST)";
				CODE_SIGN_STYLE = Automatic;
				DEVELOPMENT_TEAM = AZQME83VC4;
				INFOPLIST_FILE = "Demux-v4Tests/Info.plist";
				IPHONEOS_DEPLOYMENT_TARGET = 14.0;
				LD_RUNPATH_SEARCH_PATHS = (
					"$(inherited)",
					"@executable_path/Frameworks",
					"@loader_path/Frameworks",
				);
				PRODUCT_BUNDLE_IDENTIFIER = "com.seenashafai.Demux-v4Tests";
				PRODUCT_NAME = "$(TARGET_NAME)";
				SWIFT_VERSION = 5.0;
				TARGETED_DEVICE_FAMILY = "1,2";
				TEST_HOST = "$(BUILT_PRODUCTS_DIR)/Demux-v4.app/Demux-v4";
			};
			name = Release;
		};
		04E8D9B224A68B5200B58F10 /* Debug */ = {
			isa = XCBuildConfiguration;
			buildSettings = {
				ALWAYS_EMBED_SWIFT_STANDARD_LIBRARIES = YES;
				CODE_SIGN_STYLE = Automatic;
				DEVELOPMENT_TEAM = AZQME83VC4;
				INFOPLIST_FILE = "Demux-v4UITests/Info.plist";
				LD_RUNPATH_SEARCH_PATHS = (
					"$(inherited)",
					"@executable_path/Frameworks",
					"@loader_path/Frameworks",
				);
				PRODUCT_BUNDLE_IDENTIFIER = "com.seenashafai.Demux-v4UITests";
				PRODUCT_NAME = "$(TARGET_NAME)";
				SWIFT_VERSION = 5.0;
				TARGETED_DEVICE_FAMILY = "1,2";
				TEST_TARGET_NAME = "Demux-v4";
			};
			name = Debug;
		};
		04E8D9B324A68B5200B58F10 /* Release */ = {
			isa = XCBuildConfiguration;
			buildSettings = {
				ALWAYS_EMBED_SWIFT_STANDARD_LIBRARIES = YES;
				CODE_SIGN_STYLE = Automatic;
				DEVELOPMENT_TEAM = AZQME83VC4;
				INFOPLIST_FILE = "Demux-v4UITests/Info.plist";
				LD_RUNPATH_SEARCH_PATHS = (
					"$(inherited)",
					"@executable_path/Frameworks",
					"@loader_path/Frameworks",
				);
				PRODUCT_BUNDLE_IDENTIFIER = "com.seenashafai.Demux-v4UITests";
				PRODUCT_NAME = "$(TARGET_NAME)";
				SWIFT_VERSION = 5.0;
				TARGETED_DEVICE_FAMILY = "1,2";
				TEST_TARGET_NAME = "Demux-v4";
			};
			name = Release;
		};
/* End XCBuildConfiguration section */

/* Begin XCConfigurationList section */
		04E8D97C24A68B5000B58F10 /* Build configuration list for PBXProject "Demux-v4" */ = {
			isa = XCConfigurationList;
			buildConfigurations = (
				04E8D9A924A68B5200B58F10 /* Debug */,
				04E8D9AA24A68B5200B58F10 /* Release */,
			);
			defaultConfigurationIsVisible = 0;
			defaultConfigurationName = Release;
		};
		04E8D9AB24A68B5200B58F10 /* Build configuration list for PBXNativeTarget "Demux-v4" */ = {
			isa = XCConfigurationList;
			buildConfigurations = (
				04E8D9AC24A68B5200B58F10 /* Debug */,
				04E8D9AD24A68B5200B58F10 /* Release */,
			);
			defaultConfigurationIsVisible = 0;
			defaultConfigurationName = Release;
		};
		04E8D9AE24A68B5200B58F10 /* Build configuration list for PBXNativeTarget "Demux-v4Tests" */ = {
			isa = XCConfigurationList;
			buildConfigurations = (
				04E8D9AF24A68B5200B58F10 /* Debug */,
				04E8D9B024A68B5200B58F10 /* Release */,
			);
			defaultConfigurationIsVisible = 0;
			defaultConfigurationName = Release;
		};
		04E8D9B124A68B5200B58F10 /* Build configuration list for PBXNativeTarget "Demux-v4UITests" */ = {
			isa = XCConfigurationList;
			buildConfigurations = (
				04E8D9B224A68B5200B58F10 /* Debug */,
				04E8D9B324A68B5200B58F10 /* Release */,
			);
			defaultConfigurationIsVisible = 0;
			defaultConfigurationName = Release;
		};
/* End XCConfigurationList section */

/* Begin XCRemoteSwiftPackageReference section */
		046C2FA724B382A4007AE923 /* XCRemoteSwiftPackageReference "SwiftyJSON" */ = {
			isa = XCRemoteSwiftPackageReference;
			repositoryURL = "https://github.com/SwiftyJSON/SwiftyJSON.git";
			requirement = {
				kind = upToNextMajorVersion;
				minimumVersion = 5.0.0;
			};
		};
		04B1223624ACCC1D0042FB38 /* XCRemoteSwiftPackageReference "Alamofire" */ = {
			isa = XCRemoteSwiftPackageReference;
			repositoryURL = "https://github.com/Alamofire/Alamofire.git";
			requirement = {
				kind = upToNextMajorVersion;
				minimumVersion = 5.2.1;
			};
		};
/* End XCRemoteSwiftPackageReference section */

/* Begin XCSwiftPackageProductDependency section */
		046C2FA824B382A4007AE923 /* SwiftyJSON */ = {
			isa = XCSwiftPackageProductDependency;
			package = 046C2FA724B382A4007AE923 /* XCRemoteSwiftPackageReference "SwiftyJSON" */;
			productName = SwiftyJSON;
		};
		04B1223724ACCC1D0042FB38 /* Alamofire */ = {
			isa = XCSwiftPackageProductDependency;
			package = 04B1223624ACCC1D0042FB38 /* XCRemoteSwiftPackageReference "Alamofire" */;
			productName = Alamofire;
		};
/* End XCSwiftPackageProductDependency section */
	};
	rootObject = 04E8D97924A68B5000B58F10 /* Project object */;
}
